<?xml version="1.0" encoding="utf-8"?>
<Project ToolsVersion="4.0" xmlns="http://schemas.microsoft.com/developer/msbuild/2003">
  <ItemGroup>
    <Filter Include="源文件">
      <UniqueIdentifier>{4FC737F1-C7A5-4376-A066-2A32D752A2FF}</UniqueIdentifier>
      <Extensions>cpp;c;cc;cxx;c++;def;odl;idl;hpj;bat;asm;asmx</Extensions>
    </Filter>
    <Filter Include="头文件">
      <UniqueIdentifier>{93995380-89BD-4b04-88EB-625FBE52EBFB}</UniqueIdentifier>
      <Extensions>h;hh;hpp;hxx;h++;hm;inl;inc;ipp;xsd</Extensions>
    </Filter>
    <Filter Include="资源文件">
      <UniqueIdentifier>{67DA6AB6-F800-4c08-8B7A-83BB121AAD01}</UniqueIdentifier>
      <Extensions>rc;ico;cur;bmp;dlg;rc2;rct;bin;rgs;gif;jpg;jpeg;jpe;resx;tiff;tif;png;wav;mfcribbon-ms</Extensions>
    </Filter>
  </ItemGroup>
  <ItemGroup>
    <ClCompile Include="main.cpp">
      <Filter>源文件</Filter>
    </ClCompile>
    <ClCompile Include="ChessBoard.cpp">
      <Filter>源文件</Filter>
    </ClCompile>
    <ClCompile Include="Entity.cpp">
      <Filter>源文件</Filter>
    </ClCompile>
    <ClCompile Include="Plane.cpp">
      <Filter>源文件</Filter>
    </ClCompile>
    <ClCompile Include="GameManager.cpp">
      <Filter>源文件</Filter>
    </ClCompile>
    <ClCompile Include="MVC.cpp">
      <Filter>源文件</Filter>
    </ClCompile>
    <ClCompile Include="animator.cpp">
      <Filter>源文件</Filter>
    </ClCompile>
    <ClCompile Include="dice.cpp">
      <Filter>源文件</Filter>
    </ClCompile>
    <ClCompile Include="Button.cpp">
      <Filter>源文件</Filter>
    </ClCompile>
    <ClCompile Include="Game.cpp">
      <Filter>源文件</Filter>
    </ClCompile>
    <ClCompile Include="NetWork_Server.cpp">
      <Filter>源文件</Filter>
    </ClCompile>
    <ClCompile Include="NerWork_Client.cpp">
      <Filter>源文件</Filter>
    </ClCompile>
    <ClCompile Include="NetWork.cpp">
      <Filter>源文件</Filter>
    </ClCompile>
    <ClCompile Include="Plane_Client.cpp">
      <Filter>源文件</Filter>
    </ClCompile>
    <ClCompile Include="Dice_Client.cpp">
      <Filter>源文件</Filter>
    </ClCompile>
    <ClCompile Include="Scence.cpp">
      <Filter>源文件</Filter>
    </ClCompile>
    <ClCompile Include="InputBox.cpp">
      <Filter>源文件</Filter>
    </ClCompile>
  </ItemGroup>
  <ItemGroup>
    <ClInclude Include="ChessBoard.h">
      <Filter>头文件</Filter>
    </ClInclude>
    <ClInclude Include="Entity.h">
      <Filter>头文件</Filter>
    </ClInclude>
    <ClInclude Include="Plane.h">
      <Filter>头文件</Filter>
    </ClInclude>
    <ClInclude Include="GameManager.h">
      <Filter>头文件</Filter>
    </ClInclude>
    <ClInclude Include="MVC.h">
      <Filter>头文件</Filter>
    </ClInclude>
    <ClInclude Include="animator.h">
      <Filter>头文件</Filter>
    </ClInclude>
    <ClInclude Include="Dice.h">
      <Filter>头文件</Filter>
    </ClInclude>
    <ClInclude Include="Button.h">
      <Filter>头文件</Filter>
    </ClInclude>
    <ClInclude Include="Game.h">
      <Filter>头文件</Filter>
    </ClInclude>
    <ClInclude Include="NetWork_Server.h">
      <Filter>头文件</Filter>
    </ClInclude>
    <ClInclude Include="NetWork_Client.h">
      <Filter>头文件</Filter>
    </ClInclude>
    <ClInclude Include="NetWork.h">
      <Filter>头文件</Filter>
    </ClInclude>
    <ClInclude Include="Plane_Client.h">
      <Filter>头文件</Filter>
    </ClInclude>
    <ClInclude Include="Dice_Client.h">
      <Filter>头文件</Filter>
    </ClInclude>
    <ClInclude Include="Scence.h">
      <Filter>头文件</Filter>
    </ClInclude>
    <ClInclude Include="InputBox.h">
      <Filter>头文件</Filter>
    </ClInclude>
  </ItemGroup>
</Project>